
Microsoft Visual Studio Solution File, Format Version 12.00
# Visual Studio Version 17
VisualStudioVersion = 17.14.36221.1 d17.14
MinimumVisualStudioVersion = 10.0.40219.1
Project("{FAE04EC0-301F-11D3-BF4B-00C04F79EFBC}") = "AnimalMatchingGame", "AnimalMatchingGame\AnimalMatchingGame.csproj", "{145BE3F8-0C10-49AE-A9D9-1D57ED8113F1}"
EndProject
Global
	GlobalSection(SolutionConfigurationPlatforms) = preSolution
		Debug|Any CPU = Debug|Any CPU
		Release|Any CPU = Release|Any CPU
	EndGlobalSection
	GlobalSection(ProjectConfigurationPlatforms) = postSolution
		{145BE3F8-0C10-49AE-A9D9-1D57ED8113F1}.Debug|Any CPU.ActiveCfg = Debug|Any CPU
		{145BE3F8-0C10-49AE-A9D9-1D57ED8113F1}.Debug|Any CPU.Build.0 = Debug|Any CPU
		{145BE3F8-0C10-49AE-A9D9-1D57ED8113F1}.Release|Any CPU.ActiveCfg = Release|Any CPU
		{145BE3F8-0C10-49AE-A9D9-1D57ED8113F1}.Release|Any CPU.Build.0 = Release|Any CPU
	EndGlobalSection
	GlobalSection(SolutionProperties) = preSolution
		HideSolutionNode = FALSE
	EndGlobalSection
	GlobalSection(ExtensibilityGlobals) = postSolution
		SolutionGuid = {B551361D-6522-43B7-BEEC-5ED83B3616E3}
	EndGlobalSection
EndGlobal
